// !$*UTF8*$!
{
	archiveVersion = 1;
	classes = {
	};
	objectVersion = 51;
	objects = {

/* Begin PBXBuildFile section */
		0FBA3FF7D754B817551C3D93 /* Pods_YodaApp.framework in Frameworks */ = {isa = PBXBuildFile; fileRef = 37448E99F479E4AA9449DD9C /* Pods_YodaApp.framework */; };
		8C3BCC842568CDFB001F9486 /* AppDelegate.swift in Sources */ = {isa = PBXBuildFile; fileRef = 8C3BCC832568CDFB001F9486 /* AppDelegate.swift */; };
		8C3BCC862568CDFB001F9486 /* SceneDelegate.swift in Sources */ = {isa = PBXBuildFile; fileRef = 8C3BCC852568CDFB001F9486 /* SceneDelegate.swift */; };
		8C3BCC882568CDFB001F9486 /* YodaTranslationVC.swift in Sources */ = {isa = PBXBuildFile; fileRef = 8C3BCC872568CDFB001F9486 /* YodaTranslationVC.swift */; };
		8C3BCC8B2568CDFB001F9486 /* Main.storyboard in Resources */ = {isa = PBXBuildFile; fileRef = 8C3BCC892568CDFB001F9486 /* Main.storyboard */; };
		8C3BCC8D2568CDFE001F9486 /* Assets.xcassets in Resources */ = {isa = PBXBuildFile; fileRef = 8C3BCC8C2568CDFE001F9486 /* Assets.xcassets */; };
		8C3BCC902568CDFE001F9486 /* LaunchScreen.storyboard in Resources */ = {isa = PBXBuildFile; fileRef = 8C3BCC8E2568CDFE001F9486 /* LaunchScreen.storyboard */; };
		8C7ADDFD2569A49E00E47F79 /* AssistanceVC.swift in Sources */ = {isa = PBXBuildFile; fileRef = 8C7ADDFC2569A49E00E47F79 /* AssistanceVC.swift */; };
		8C8091B2256AE9AE00D974C4 /* OnboardingScreensVC.swift in Sources */ = {isa = PBXBuildFile; fileRef = 8C8091B1256AE9AE00D974C4 /* OnboardingScreensVC.swift */; };
		8C8731D0256AF7EF00BD764A /* OnBoardingCollectionViewCell.swift in Sources */ = {isa = PBXBuildFile; fileRef = 8C8731CF256AF7EF00BD764A /* OnBoardingCollectionViewCell.swift */; };
		8C8731D2256AF8A300BD764A /* SlideInformation.swift in Sources */ = {isa = PBXBuildFile; fileRef = 8C8731D1256AF8A300BD764A /* SlideInformation.swift */; };
/* End PBXBuildFile section */

/* Begin PBXFileReference section */
		37448E99F479E4AA9449DD9C /* Pods_YodaApp.framework */ = {isa = PBXFileReference; explicitFileType = wrapper.framework; includeInIndex = 0; path = Pods_YodaApp.framework; sourceTree = BUILT_PRODUCTS_DIR; };
		6473EAC42C63AFA8F9E26D36 /* Pods-YodaApp.release.xcconfig */ = {isa = PBXFileReference; includeInIndex = 1; lastKnownFileType = text.xcconfig; name = "Pods-YodaApp.release.xcconfig"; path = "Target Support Files/Pods-YodaApp/Pods-YodaApp.release.xcconfig"; sourceTree = "<group>"; };
		8A7402BD6C28AD8CA38AD8BB /* Pods-YodaApp.debug.xcconfig */ = {isa = PBXFileReference; includeInIndex = 1; lastKnownFileType = text.xcconfig; name = "Pods-YodaApp.debug.xcconfig"; path = "Target Support Files/Pods-YodaApp/Pods-YodaApp.debug.xcconfig"; sourceTree = "<group>"; };
		8C3BCC802568CDFB001F9486 /* YodaApp.app */ = {isa = PBXFileReference; explicitFileType = wrapper.application; includeInIndex = 0; path = YodaApp.app; sourceTree = BUILT_PRODUCTS_DIR; };
		8C3BCC832568CDFB001F9486 /* AppDelegate.swift */ = {isa = PBXFileReference; lastKnownFileType = sourcecode.swift; path = AppDelegate.swift; sourceTree = "<group>"; };
		8C3BCC852568CDFB001F9486 /* SceneDelegate.swift */ = {isa = PBXFileReference; lastKnownFileType = sourcecode.swift; path = SceneDelegate.swift; sourceTree = "<group>"; };
		8C3BCC872568CDFB001F9486 /* YodaTranslationVC.swift */ = {isa = PBXFileReference; lastKnownFileType = sourcecode.swift; path = YodaTranslationVC.swift; sourceTree = "<group>"; };
		8C3BCC8A2568CDFB001F9486 /* Base */ = {isa = PBXFileReference; lastKnownFileType = file.storyboard; name = Base; path = Base.lproj/Main.storyboard; sourceTree = "<group>"; };
		8C3BCC8C2568CDFE001F9486 /* Assets.xcassets */ = {isa = PBXFileReference; lastKnownFileType = folder.assetcatalog; path = Assets.xcassets; sourceTree = "<group>"; };
		8C3BCC8F2568CDFE001F9486 /* Base */ = {isa = PBXFileReference; lastKnownFileType = file.storyboard; name = Base; path = Base.lproj/LaunchScreen.storyboard; sourceTree = "<group>"; };
		8C3BCC912568CDFE001F9486 /* Info.plist */ = {isa = PBXFileReference; lastKnownFileType = text.plist.xml; path = Info.plist; sourceTree = "<group>"; };
		8C7ADDFC2569A49E00E47F79 /* AssistanceVC.swift */ = {isa = PBXFileReference; lastKnownFileType = sourcecode.swift; path = AssistanceVC.swift; sourceTree = "<group>"; };
		8C8091B1256AE9AE00D974C4 /* OnboardingScreensVC.swift */ = {isa = PBXFileReference; lastKnownFileType = sourcecode.swift; path = OnboardingScreensVC.swift; sourceTree = "<group>"; };
		8C8731CF256AF7EF00BD764A /* OnBoardingCollectionViewCell.swift */ = {isa = PBXFileReference; lastKnownFileType = sourcecode.swift; path = OnBoardingCollectionViewCell.swift; sourceTree = "<group>"; };
		8C8731D1256AF8A300BD764A /* SlideInformation.swift */ = {isa = PBXFileReference; lastKnownFileType = sourcecode.swift; path = SlideInformation.swift; sourceTree = "<group>"; };
/* End PBXFileReference section */

/* Begin PBXFrameworksBuildPhase section */
		8C3BCC7D2568CDFB001F9486 /* Frameworks */ = {
			isa = PBXFrameworksBuildPhase;
			buildActionMask = 2147483647;
			files = (
				0FBA3FF7D754B817551C3D93 /* Pods_YodaApp.framework in Frameworks */,
			);
			runOnlyForDeploymentPostprocessing = 0;
		};
/* End PBXFrameworksBuildPhase section */

/* Begin PBXGroup section */
		6917BE6B62AF3C3DA7944528 /* Frameworks */ = {
			isa = PBXGroup;
			children = (
				37448E99F479E4AA9449DD9C /* Pods_YodaApp.framework */,
			);
			name = Frameworks;
			sourceTree = "<group>";
		};
		8C3BCC772568CDFB001F9486 = {
			isa = PBXGroup;
			children = (
				8C3BCC822568CDFB001F9486 /* YodaApp */,
				8C3BCC812568CDFB001F9486 /* Products */,
				E85E514EE539F8F211633C23 /* Pods */,
				6917BE6B62AF3C3DA7944528 /* Frameworks */,
			);
			sourceTree = "<group>";
		};
		8C3BCC812568CDFB001F9486 /* Products */ = {
			isa = PBXGroup;
			children = (
				8C3BCC802568CDFB001F9486 /* YodaApp.app */,
			);
			name = Products;
			sourceTree = "<group>";
		};
		8C3BCC822568CDFB001F9486 /* YodaApp */ = {
			isa = PBXGroup;
			children = (
				8CACCAD2256B3E8A002B0599 /* Screens */,
				8C8731CE256AF72000BD764A /* OnboardingScreens */,
				8C3BCC832568CDFB001F9486 /* AppDelegate.swift */,
				8C3BCC852568CDFB001F9486 /* SceneDelegate.swift */,
				8C3BCC892568CDFB001F9486 /* Main.storyboard */,
				8C3BCC8C2568CDFE001F9486 /* Assets.xcassets */,
				8C3BCC8E2568CDFE001F9486 /* LaunchScreen.storyboard */,
				8C3BCC912568CDFE001F9486 /* Info.plist */,
			);
			path = YodaApp;
			sourceTree = "<group>";
		};
		8C8731CE256AF72000BD764A /* OnboardingScreens */ = {
			isa = PBXGroup;
			children = (
				8C8091B1256AE9AE00D974C4 /* OnboardingScreensVC.swift */,
				8C8731CF256AF7EF00BD764A /* OnBoardingCollectionViewCell.swift */,
				8C8731D1256AF8A300BD764A /* SlideInformation.swift */,
			);
			path = OnboardingScreens;
			sourceTree = "<group>";
		};
		8CACCAD2256B3E8A002B0599 /* Screens */ = {
			isa = PBXGroup;
			children = (
				8C3BCC872568CDFB001F9486 /* YodaTranslationVC.swift */,
				8C7ADDFC2569A49E00E47F79 /* AssistanceVC.swift */,
			);
			path = Screens;
			sourceTree = "<group>";
		};
		E85E514EE539F8F211633C23 /* Pods */ = {
			isa = PBXGroup;
			children = (
				8A7402BD6C28AD8CA38AD8BB /* Pods-YodaApp.debug.xcconfig */,
				6473EAC42C63AFA8F9E26D36 /* Pods-YodaApp.release.xcconfig */,
			);
			path = Pods;
			sourceTree = "<group>";
		};
/* End PBXGroup section */

/* Begin PBXNativeTarget section */
		8C3BCC7F2568CDFB001F9486 /* YodaApp */ = {
			isa = PBXNativeTarget;
			buildConfigurationList = 8C3BCC942568CDFE001F9486 /* Build configuration list for PBXNativeTarget "YodaApp" */;
			buildPhases = (
				14573F62EB715AC2D7DBC8DC /* [CP] Check Pods Manifest.lock */,
				8C3BCC7C2568CDFB001F9486 /* Sources */,
				8C3BCC7D2568CDFB001F9486 /* Frameworks */,
				8C3BCC7E2568CDFB001F9486 /* Resources */,
				E0D28F3723A950ABD2E44B3C /* [CP] Embed Pods Frameworks */,
			);
			buildRules = (
			);
			dependencies = (
			);
			name = YodaApp;
			productName = YodaApp;
			productReference = 8C3BCC802568CDFB001F9486 /* YodaApp.app */;
			productType = "com.apple.product-type.application";
		};
/* End PBXNativeTarget section */

/* Begin PBXProject section */
		8C3BCC782568CDFB001F9486 /* Project object */ = {
			isa = PBXProject;
			attributes = {
				LastSwiftUpdateCheck = 1170;
				LastUpgradeCheck = 1170;
				ORGANIZATIONNAME = "Lazaro Ambrosio";
				TargetAttributes = {
					8C3BCC7F2568CDFB001F9486 = {
						CreatedOnToolsVersion = 11.7;
					};
				};
			};
			buildConfigurationList = 8C3BCC7B2568CDFB001F9486 /* Build configuration list for PBXProject "YodaApp" */;
			compatibilityVersion = "Xcode 9.3";
			developmentRegion = en;
			hasScannedForEncodings = 0;
			knownRegions = (
				en,
				Base,
			);
			mainGroup = 8C3BCC772568CDFB001F9486;
			productRefGroup = 8C3BCC812568CDFB001F9486 /* Products */;
			projectDirPath = "";
			projectRoot = "";
			targets = (
				8C3BCC7F2568CDFB001F9486 /* YodaApp */,
			);
		};
/* End PBXProject section */

/* Begin PBXResourcesBuildPhase section */
		8C3BCC7E2568CDFB001F9486 /* Resources */ = {
			isa = PBXResourcesBuildPhase;
			buildActionMask = 2147483647;
			files = (
				8C3BCC902568CDFE001F9486 /* LaunchScreen.storyboard in Resources */,
				8C3BCC8D2568CDFE001F9486 /* Assets.xcassets in Resources */,
				8C3BCC8B2568CDFB001F9486 /* Main.storyboard in Resources */,
			);
			runOnlyForDeploymentPostprocessing = 0;
		};
/* End PBXResourcesBuildPhase section */

/* Begin PBXShellScriptBuildPhase section */
		14573F62EB715AC2D7DBC8DC /* [CP] Check Pods Manifest.lock */ = {
			isa = PBXShellScriptBuildPhase;
			buildActionMask = 2147483647;
			files = (
			);
			inputFileListPaths = (
			);
			inputPaths = (
				"${PODS_PODFILE_DIR_PATH}/Podfile.lock",
				"${PODS_ROOT}/Manifest.lock",
			);
			name = "[CP] Check Pods Manifest.lock";
			outputFileListPaths = (
			);
			outputPaths = (
				"$(DERIVED_FILE_DIR)/Pods-YodaApp-checkManifestLockResult.txt",
			);
			runOnlyForDeploymentPostprocessing = 0;
			shellPath = /bin/sh;
			shellScript = "diff \"${PODS_PODFILE_DIR_PATH}/Podfile.lock\" \"${PODS_ROOT}/Manifest.lock\" > /dev/null\nif [ $? != 0 ] ; then\n    # print error to STDERR\n    echo \"error: The sandbox is not in sync with the Podfile.lock. Run 'pod install' or update your CocoaPods installation.\" >&2\n    exit 1\nfi\n# This output is used by Xcode 'outputs' to avoid re-running this script phase.\necho \"SUCCESS\" > \"${SCRIPT_OUTPUT_FILE_0}\"\n";
			showEnvVarsInLog = 0;
		};
		E0D28F3723A950ABD2E44B3C /* [CP] Embed Pods Frameworks */ = {
			isa = PBXShellScriptBuildPhase;
			buildActionMask = 2147483647;
			files = (
			);
			inputFileListPaths = (
				"${PODS_ROOT}/Target Support Files/Pods-YodaApp/Pods-YodaApp-frameworks-${CONFIGURATION}-input-files.xcfilelist",
			);
			name = "[CP] Embed Pods Frameworks";
			outputFileListPaths = (
				"${PODS_ROOT}/Target Support Files/Pods-YodaApp/Pods-YodaApp-frameworks-${CONFIGURATION}-output-files.xcfilelist",
			);
			runOnlyForDeploymentPostprocessing = 0;
			shellPath = /bin/sh;
			shellScript = "\"${PODS_ROOT}/Target Support Files/Pods-YodaApp/Pods-YodaApp-frameworks.sh\"\n";
			showEnvVarsInLog = 0;
		};
/* End PBXShellScriptBuildPhase section */

/* Begin PBXSourcesBuildPhase section */
		8C3BCC7C2568CDFB001F9486 /* Sources */ = {
			isa = PBXSourcesBuildPhase;
			buildActionMask = 2147483647;
			files = (
				8C8091B2256AE9AE00D974C4 /* OnboardingScreensVC.swift in Sources */,
				8C3BCC882568CDFB001F9486 /* YodaTranslationVC.swift in Sources */,
				8C7ADDFD2569A49E00E47F79 /* AssistanceVC.swift in Sources */,
				8C8731D0256AF7EF00BD764A /* OnBoardingCollectionViewCell.swift in Sources */,
				8C8731D2256AF8A300BD764A /* SlideInformation.swift in Sources */,
				8C3BCC842568CDFB001F9486 /* AppDelegate.swift in Sources */,
				8C3BCC862568CDFB001F9486 /* SceneDelegate.swift in Sources */,
			);
			runOnlyForDeploymentPostprocessing = 0;
		};
/* End PBXSourcesBuildPhase section */

/* Begin PBXVariantGroup section */
		8C3BCC892568CDFB001F9486 /* Main.storyboard */ = {
			isa = PBXVariantGroup;
			children = (
				8C3BCC8A2568CDFB001F9486 /* Base */,
			);
			name = Main.storyboard;
			sourceTree = "<group>";
		};
		8C3BCC8E2568CDFE001F9486 /* LaunchScreen.storyboard */ = {
			isa = PBXVariantGroup;
			children = (
				8C3BCC8F2568CDFE001F9486 /* Base */,
			);
			name = LaunchScreen.storyboard;
			sourceTree = "<group>";
		};
/* End PBXVariantGroup section */

/* Begin XCBuildConfiguration section */
		8C3BCC922568CDFE001F9486 /* Debug */ = {
			isa = XCBuildConfiguration;
			buildSettings = {
				ALWAYS_SEARCH_USER_PATHS = NO;
				CLANG_ANALYZER_NONNULL = YES;
				CLANG_ANALYZER_NUMBER_OBJECT_CONVERSION = YES_AGGRESSIVE;
				CLANG_CXX_LANGUAGE_STANDARD = "gnu++14";
				CLANG_CXX_LIBRARY = "libc++";
				CLANG_ENABLE_MODULES = YES;
				CLANG_ENABLE_OBJC_ARC = YES;
				CLANG_ENABLE_OBJC_WEAK = YES;
				CLANG_WARN_BLOCK_CAPTURE_AUTORELEASING = YES;
				CLANG_WARN_BOOL_CONVERSION = YES;
				CLANG_WARN_COMMA = YES;
				CLANG_WARN_CONSTANT_CONVERSION = YES;
				CLANG_WARN_DEPRECATED_OBJC_IMPLEMENTATIONS = YES;
				CLANG_WARN_DIRECT_OBJC_ISA_USAGE = YES_ERROR;
				CLANG_WARN_DOCUMENTATION_COMMENTS = YES;
				CLANG_WARN_EMPTY_BODY = YES;
				CLANG_WARN_ENUM_CONVERSION = YES;
				CLANG_WARN_INFINITE_RECURSION = YES;
				CLANG_WARN_INT_CONVERSION = YES;
				CLANG_WARN_NON_LITERAL_NULL_CONVERSION = YES;
				CLANG_WARN_OBJC_IMPLICIT_RETAIN_SELF = YES;
				CLANG_WARN_OBJC_LITERAL_CONVERSION = YES;
				CLANG_WARN_OBJC_ROOT_CLASS = YES_ERROR;
				CLANG_WARN_RANGE_LOOP_ANALYSIS = YES;
				CLANG_WARN_STRICT_PROTOTYPES = YES;
				CLANG_WARN_SUSPICIOUS_MOVE = YES;
				CLANG_WARN_UNGUARDED_AVAILABILITY = YES_AGGRESSIVE;
				CLANG_WARN_UNREACHABLE_CODE = YES;
				CLANG_WARN__DUPLICATE_METHOD_MATCH = YES;
				COPY_PHASE_STRIP = NO;
				DEBUG_INFORMATION_FORMAT = dwarf;
				ENABLE_STRICT_OBJC_MSGSEND = YES;
				ENABLE_TESTABILITY = YES;
				GCC_C_LANGUAGE_STANDARD = gnu11;
				GCC_DYNAMIC_NO_PIC = NO;
				GCC_NO_COMMON_BLOCKS = YES;
				GCC_OPTIMIZATION_LEVEL = 0;
				GCC_PREPROCESSOR_DEFINITIONS = (
					"DEBUG=1",
					"$(inherited)",
				);
				GCC_WARN_64_TO_32_BIT_CONVERSION = YES;
				GCC_WARN_ABOUT_RETURN_TYPE = YES_ERROR;
				GCC_WARN_UNDECLARED_SELECTOR = YES;
				GCC_WARN_UNINITIALIZED_AUTOS = YES_AGGRESSIVE;
				GCC_WARN_UNUSED_FUNCTION = YES;
				GCC_WARN_UNUSED_VARIABLE = YES;
				IPHONEOS_DEPLOYMENT_TARGET = 13.7;
				MTL_ENABLE_DEBUG_INFO = INCLUDE_SOURCE;
				MTL_FAST_MATH = YES;
				ONLY_ACTIVE_ARCH = YES;
				SDKROOT = iphoneos;
				SWIFT_ACTIVE_COMPILATION_CONDITIONS = DEBUG;
				SWIFT_OPTIMIZATION_LEVEL = "-Onone";
			};
			name = Debug;
		};
		8C3BCC932568CDFE001F9486 /* Release */ = {
			isa = XCBuildConfiguration;
			buildSettings = {
				ALWAYS_SEARCH_USER_PATHS = NO;
				CLANG_ANALYZER_NONNULL = YES;
				CLANG_ANALYZER_NUMBER_OBJECT_CONVERSION = YES_AGGRESSIVE;
				CLANG_CXX_LANGUAGE_STANDARD = "gnu++14";
				CLANG_CXX_LIBRARY = "libc++";
				CLANG_ENABLE_MODULES = YES;
				CLANG_ENABLE_OBJC_ARC = YES;
				CLANG_ENABLE_OBJC_WEAK = YES;
				CLANG_WARN_BLOCK_CAPTURE_AUTORELEASING = YES;
				CLANG_WARN_BOOL_CONVERSION = YES;
				CLANG_WARN_COMMA = YES;
				CLANG_WARN_CONSTANT_CONVERSION = YES;
				CLANG_WARN_DEPRECATED_OBJC_IMPLEMENTATIONS = YES;
				CLANG_WARN_DIRECT_OBJC_ISA_USAGE = YES_ERROR;
				CLANG_WARN_DOCUMENTATION_COMMENTS = YES;
				CLANG_WARN_EMPTY_BODY = YES;
				CLANG_WARN_ENUM_CONVERSION = YES;
				CLANG_WARN_INFINITE_RECURSION = YES;
				CLANG_WARN_INT_CONVERSION = YES;
				CLANG_WARN_NON_LITERAL_NULL_CONVERSION = YES;
				CLANG_WARN_OBJC_IMPLICIT_RETAIN_SELF = YES;
				CLANG_WARN_OBJC_LITERAL_CONVERSION = YES;
				CLANG_WARN_OBJC_ROOT_CLASS = YES_ERROR;
				CLANG_WARN_RANGE_LOOP_ANALYSIS = YES;
				CLANG_WARN_STRICT_PROTOTYPES = YES;
				CLANG_WARN_SUSPICIOUS_MOVE = YES;
				CLANG_WARN_UNGUARDED_AVAILABILITY = YES_AGGRESSIVE;
				CLANG_WARN_UNREACHABLE_CODE = YES;
				CLANG_WARN__DUPLICATE_METHOD_MATCH = YES;
				COPY_PHASE_STRIP = NO;
				DEBUG_INFORMATION_FORMAT = "dwarf-with-dsym";
				ENABLE_NS_ASSERTIONS = NO;
				ENABLE_STRICT_OBJC_MSGSEND = YES;
				GCC_C_LANGUAGE_STANDARD = gnu11;
				GCC_NO_COMMON_BLOCKS = YES;
				GCC_WARN_64_TO_32_BIT_CONVERSION = YES;
				GCC_WARN_ABOUT_RETURN_TYPE = YES_ERROR;
				GCC_WARN_UNDECLARED_SELECTOR = YES;
				GCC_WARN_UNINITIALIZED_AUTOS = YES_AGGRESSIVE;
				GCC_WARN_UNUSED_FUNCTION = YES;
				GCC_WARN_UNUSED_VARIABLE = YES;
				IPHONEOS_DEPLOYMENT_TARGET = 13.7;
				MTL_ENABLE_DEBUG_INFO = NO;
				MTL_FAST_MATH = YES;
				SDKROOT = iphoneos;
				SWIFT_COMPILATION_MODE = wholemodule;
				SWIFT_OPTIMIZATION_LEVEL = "-O";
				VALIDATE_PRODUCT = YES;
			};
			name = Release;
		};
		8C3BCC952568CDFE001F9486 /* Debug */ = {
			isa = XCBuildConfiguration;
			baseConfigurationReference = 8A7402BD6C28AD8CA38AD8BB /* Pods-YodaApp.debug.xcconfig */;
			buildSettings = {
				ASSETCATALOG_COMPILER_APPICON_NAME = AppIcon;
				CODE_SIGN_STYLE = Automatic;
				DEVELOPMENT_TEAM = 2ZGQ96DXRR;
				INFOPLIST_FILE = YodaApp/Info.plist;
				LD_RUNPATH_SEARCH_PATHS = (
					"$(inherited)",
					"@executable_path/Frameworks",
				);
				PRODUCT_BUNDLE_IDENTIFIER = com.lazaroambrosio.YodaApp;
				PRODUCT_NAME = "$(TARGET_NAME)";
				SWIFT_VERSION = 5.0;
				TARGETED_DEVICE_FAMILY = "1,2";
			};
			name = Debug;
		};
		8C3BCC962568CDFE001F9486 /* Release */ = {
			isa = XCBuildConfiguration;
			baseConfigurationReference = 6473EAC42C63AFA8F9E26D36 /* Pods-YodaApp.release.xcconfig */;
			buildSettings = {
				ASSETCATALOG_COMPILER_APPICON_NAME = AppIcon;
				CODE_SIGN_STYLE = Automatic;
				DEVELOPMENT_TEAM = 2ZGQ96DXRR;
				INFOPLIST_FILE = YodaApp/Info.plist;
				LD_RUNPATH_SEARCH_PATHS = (
					"$(inherited)",
					"@executable_path/Frameworks",
				);
				PRODUCT_BUNDLE_IDENTIFIER = com.lazaroambrosio.YodaApp;
				PRODUCT_NAME = "$(TARGET_NAME)";
				SWIFT_VERSION = 5.0;
				TARGETED_DEVICE_FAMILY = "1,2";
			};
			name = Release;
		};
/* End XCBuildConfiguration section */

/* Begin XCConfigurationList section */
		8C3BCC7B2568CDFB001F9486 /* Build configuration list for PBXProject "YodaApp" */ = {
			isa = XCConfigurationList;
			buildConfigurations = (
				8C3BCC922568CDFE001F9486 /* Debug */,
				8C3BCC932568CDFE001F9486 /* Release */,
			);
			defaultConfigurationIsVisible = 0;
			defaultConfigurationName = Release;
		};
		8C3BCC942568CDFE001F9486 /* Build configuration list for PBXNativeTarget "YodaApp" */ = {
			isa = XCConfigurationList;
			buildConfigurations = (
				8C3BCC952568CDFE001F9486 /* Debug */,
				8C3BCC962568CDFE001F9486 /* Release */,
			);
			defaultConfigurationIsVisible = 0;
			defaultConfigurationName = Release;
		};
/* End XCConfigurationList section */
	};
	rootObject = 8C3BCC782568CDFB001F9486 /* Project object */;
}
